
Microsoft Visual Studio Solution File, Format Version 12.00
# Visual Studio Version 16
VisualStudioVersion = 16.0.30907.101
MinimumVisualStudioVersion = 10.0.40219.1
Project("{FAE04EC0-301F-11D3-BF4B-00C04F79EFBC}") = "SomeGameP", "SomeGameP\SomeGameP.csproj", "{1B528F79-B4D8-4568-88D1-190A38354F0D}"
EndProject
Global
	GlobalSection(SolutionConfigurationPlatforms) = preSolution
		Debug|Any CPU = Debug|Any CPU
		Release|Any CPU = Release|Any CPU
	EndGlobalSection
	GlobalSection(ProjectConfigurationPlatforms) = postSolution
		{1B528F79-B4D8-4568-88D1-190A38354F0D}.Debug|Any CPU.ActiveCfg = Debug|Any CPU
		{1B528F79-B4D8-4568-88D1-190A38354F0D}.Debug|Any CPU.Build.0 = Debug|Any CPU
		{1B528F79-B4D8-4568-88D1-190A38354F0D}.Release|Any CPU.ActiveCfg = Release|Any CPU
		{1B528F79-B4D8-4568-88D1-190A38354F0D}.Release|Any CPU.Build.0 = Release|Any CPU
	EndGlobalSection
	GlobalSection(SolutionProperties) = preSolution
		HideSolutionNode = FALSE
	EndGlobalSection
	GlobalSection(ExtensibilityGlobals) = postSolution
		SolutionGuid = {F92A6492-F093-4991-91C6-21ED6E6D1F17}
	EndGlobalSection
EndGlobal
